
Microsoft Visual Studio Solution File, Format Version 12.00
# Visual Studio Version 17
VisualStudioVersion = 17.7.34009.444
MinimumVisualStudioVersion = 10.0.40219.1
Project("{9A19103F-16F7-4668-BE54-9A1E7A4F7556}") = "SosPioneersQoLImprovements", "SosPioneersQoLImprovements\SosPioneersQoLImprovements.csproj", "{3F16D10F-B247-40B3-A51E-B70320632C87}"
EndProject
Global
	GlobalSection(SolutionConfigurationPlatforms) = preSolution
		Debug|Any CPU = Debug|Any CPU
		Release|Any CPU = Release|Any CPU
	EndGlobalSection
	GlobalSection(ProjectConfigurationPlatforms) = postSolution
		{3F16D10F-B247-40B3-A51E-B70320632C87}.Debug|Any CPU.ActiveCfg = Debug|Any CPU
		{3F16D10F-B247-40B3-A51E-B70320632C87}.Debug|Any CPU.Build.0 = Debug|Any CPU
		{3F16D10F-B247-40B3-A51E-B70320632C87}.Release|Any CPU.ActiveCfg = Release|Any CPU
		{3F16D10F-B247-40B3-A51E-B70320632C87}.Release|Any CPU.Build.0 = Release|Any CPU
	EndGlobalSection
	GlobalSection(SolutionProperties) = preSolution
		HideSolutionNode = FALSE
	EndGlobalSection
	GlobalSection(ExtensibilityGlobals) = postSolution
		SolutionGuid = {BE482C0C-E8C9-4461-83B7-18F77586C0D2}
	EndGlobalSection
EndGlobal
